
Microsoft Visual Studio Solution File, Format Version 12.00
# Visual Studio Version 17
VisualStudioVersion = 17.5.33424.131
MinimumVisualStudioVersion = 10.0.40219.1
Project("{9A19103F-16F7-4668-BE54-9A1E7A4F7556}") = "BarProject", "BarProject.csproj", "{9EA3D8B1-2A79-49BE-BDAD-E1C0F9E15B11}"
EndProject
Project("{FAE04EC0-301F-11D3-BF4B-00C04F79EFBC}") = "BarServer", "..\BarServer\BarServer.csproj", "{111F46BB-3733-42FD-8E8F-518768317622}"
EndProject
Global
	GlobalSection(SolutionConfigurationPlatforms) = preSolution
		Debug|Any CPU = Debug|Any CPU
		Release|Any CPU = Release|Any CPU
	EndGlobalSection
	GlobalSection(ProjectConfigurationPlatforms) = postSolution
		{9EA3D8B1-2A79-49BE-BDAD-E1C0F9E15B11}.Debug|Any CPU.ActiveCfg = Debug|Any CPU
		{9EA3D8B1-2A79-49BE-BDAD-E1C0F9E15B11}.Debug|Any CPU.Build.0 = Debug|Any CPU
		{9EA3D8B1-2A79-49BE-BDAD-E1C0F9E15B11}.Release|Any CPU.ActiveCfg = Release|Any CPU
		{9EA3D8B1-2A79-49BE-BDAD-E1C0F9E15B11}.Release|Any CPU.Build.0 = Release|Any CPU
		{111F46BB-3733-42FD-8E8F-518768317622}.Debug|Any CPU.ActiveCfg = Debug|Any CPU
		{111F46BB-3733-42FD-8E8F-518768317622}.Debug|Any CPU.Build.0 = Debug|Any CPU
		{111F46BB-3733-42FD-8E8F-518768317622}.Release|Any CPU.ActiveCfg = Release|Any CPU
		{111F46BB-3733-42FD-8E8F-518768317622}.Release|Any CPU.Build.0 = Release|Any CPU
	EndGlobalSection
	GlobalSection(SolutionProperties) = preSolution
		HideSolutionNode = FALSE
	EndGlobalSection
	GlobalSection(ExtensibilityGlobals) = postSolution
		SolutionGuid = {BD9AC712-1D07-47A4-B6D8-D73C7F583A15}
	EndGlobalSection
EndGlobal
